version = 1
revision = 3
requires-python = "==3.12.*"

[[package]]
name = "adbc-driver-flightsql"
version = "1.12.0"
source = { registry = "https://pypi.org/simple" }
dependencies = [
    { name = "adbc-driver-manager" },
    { name = "importlib-resources" },
]
sdist = { url = "https://files.pythonhosted.org/packages/65/91/605b35b97aa5972a8026c0687e9996658d1d10ff7a0624173a0d0c7c5b93/adbc_driver_flightsql-1.12.0.tar.gz", hash = "sha256:300f67801ea016578e0c4bb798fc2b9024e405cfdd3f79fd77e37481a5767e45", size = 22097, upload-time = "2026-07-28T00:43:02.432Z" }
wheels = [
    { url = "https://files.pythonhosted.org/packages/7a/a4/5ad52abf0c4830585b86d68cff8ce07779cdee9b8cf390dff0ee21a29fa7/adbc_driver_flightsql-1.12.0-py3-none-macosx_10_15_x86_64.whl", hash = "sha256:c2c7209407c180d9d0dd94846203f184ab91e116782585bf29cb968c2686ba75", size = 8146345, upload-time = "2026-07-28T00:41:22.824Z" },
    { url = "https://files.pythonhosted.org/packages/61/36/49267a4fc8c07c066dd8c36b9c3d27265a4dc0fc478cb5acb7bd6a551d80/adbc_driver_flightsql-1.12.0-py3-none-macosx_11_0_arm64.whl", hash = "sha256:fb37efefceb7ceca64840c76c55e6280f3811b54dca305ec1781f9cc1a6da21e", size = 7552045, upload-time = "2026-07-28T00:41:27.147Z" },
    { url = "https://files.pythonhosted.org/packages/2b/5b/f8566aa6d05eb40225f5874f8f5f5e8b8b4a4ce866d817a5ff352f326302/adbc_driver_flightsql-1.12.0-py3-none-manylinux1_x86_64.manylinux_2_28_x86_64.manylinux_2_5_x86_64.whl", hash = "sha256:69742e4f8fcc254490aa7f8e254a3b704c24bde9d5d827a0926ea90a6b4c3a6d", size = 14981635, upload-time = "2026-07-28T00:41:33.2Z" },
    { url = "https://files.pythonhosted.org/packages/57/45/6468fb425f3c0ae868c1ca9ab8e15cba76b59e941edd7e80e892e5476728/adbc_driver_flightsql-1.12.0-py3-none-manylinux2014_aarch64.manylinux_2_17_aarch64.manylinux_2_28_aarch64.whl", hash = "sha256:9adfb5e46abc77347476d09ee76dfc835fef2b4dcb0c76d08d6d35aa3a4cce17", size = 13699634, upload-time = "2026-07-28T00:41:38.232Z" },
    { url = "https://files.pythonhosted.org/packages/dc/c7/6773dedc54fad73277ee2d767dd817e203e949972b0cfb197df99e00b784/adbc_driver_flightsql-1.12.0-py3-none-win_amd64.whl", hash = "sha256:098f2498778fd3efd671fbeacba80987de98ebfeb0291da77fe0a26c6fa78532", size = 15033803, upload-time = "2026-07-28T00:41:42.483Z" },
]

[[package]]
name = "adbc-driver-manager"
version = "1.12.0"
source = { registry = "https://pypi.org/simple" }
dependencies = [
    { name = "typing-extensions" },
]
sdist = { url = "https://files.pythonhosted.org/packages/9c/f8/ed6475b49a7cf35ea888d5c95e7d4bc9dc6568f9d741f14c0573d622cc1e/adbc_driver_manager-1.12.0.tar.gz", hash = "sha256:45991f0c2de369d330c6a211ca2edbcce6389c5dc81cde70461bdeb6f8f7b268", size = 217579, upload-time = "2026-07-28T00:43:03.512Z" }
wheels = [
    { url = "https://files.pythonhosted.org/packages/de/8c/cd3fe16df716719116a6c79e64a768fe994f6ded55d5a8f091bb4f42d6f0/adbc_driver_manager-1.12.0-cp312-cp312-macosx_10_15_x86_64.whl", hash = "sha256:fd02364c65b8b376c5627e3b77410f457fcbbf983e52e8d15ca099da3a7ae314", size = 599054, upload-time = "2026-07-28T00:42:04.072Z" },
    { url = "https://files.pythonhosted.org/packages/49/4a/2f060ff6bd61420ea1613670e1f85a22a8714934c235186dc3803de8ddac/adbc_driver_manager-1.12.0-cp312-cp312-macosx_11_0_arm64.whl", hash = "sha256:d8dcf62621090e8d9c8216e08dfc4043f16331872522186af61a5de9478e9c63", size = 609964, upload-time = "2026-07-28T00:42:05.82Z" },
    { url = "https://files.pythonhosted.org/packages/8a/f1/0746db149828ae91e4a6cf49f8d0e49210eec20c03ad80044454139c8240/adbc_driver_manager-1.12.0-cp312-cp312-manylinux_2_26_aarch64.manylinux_2_28_aarch64.whl", hash = "sha256:efa5dbbf101962d212b176f25e6fc509dacf07afd4cf70b5027d81ec6871bdec", size = 4685726, upload-time = "2026-07-28T00:42:08.1Z" },
    { url = "https://files.pythonhosted.org/packages/b9/c3/f8e9c5157b19e986df719259eb3502dad1268df9f7a1034f65ca220ab2ea/adbc_driver_manager-1.12.0-cp312-cp312-manylinux_2_27_x86_64.manylinux_2_28_x86_64.whl", hash = "sha256:8b340679a005a8adf6b0b58754dbc638dff00db7b2559c140406a1d92678b48c", size = 4768774, upload-time = "2026-07-28T00:42:10.359Z" },
    { url = "https://files.pythonhosted.org/packages/92/51/f8e625af691e6b4c54945790854524356a02a0a69063e888f7cfee1b2e50/adbc_driver_manager-1.12.0-cp312-cp312-win_amd64.whl", hash = "sha256:47f428a922d224fd486b661deeaf9520e5faec558b3d144832bed09a080cac88", size = 760087, upload-time = "2026-07-28T00:42:11.871Z" },
]

[[package]]
name = "duckdb"
version = "1.5.6"
source = { registry = "https://pypi.org/simple" }
sdist = { url = "https://files.pythonhosted.org/packages/59/0b/d65ea3be00ea79aa276a8388bec588a9cbf409ce637c6d306e5316210d15/duckdb-1.5.6.tar.gz", hash = "sha256:166a91dbfacfc0c9f08cc76c0243cb6d3d4296bfab5bad72a3cfb63140a5b7c8", size = 18032957, upload-time = "2026-09-28T13:38:37.978Z" }
wheels = [
    { url = "https://files.pythonhosted.org/packages/d9/d5/d0ab77a0a1702a43171c93874f44c1f6481e30038bd3987df0d77a16a5c6/duckdb-1.5.6-cp312-cp312-macosx_10_13_universal2.whl", hash = "sha256:48d07d0651aaeac2c3974afd37599970154b7b79b54c18f27c319c14ccf98d9d", size = 32810486, upload-time = "2026-09-28T13:37:47.254Z" },
    { url = "https://files.pythonhosted.org/packages/9f/cd/b22201de5377faa3be6c38d5f3eaa504cb480392a448bed6a4d2239469b4/duckdb-1.5.6-cp312-cp312-macosx_10_13_x86_64.whl", hash = "sha256:79de3dfa8705b1ba0d59e7e3252e40ff399e0afd12f485502a6c7bf7c2fd809a", size = 17405278, upload-time = "2026-09-28T13:37:50.135Z" },
    { url = "https://files.pythonhosted.org/packages/9c/6d/f9cfb1493bbdc2f095693a402e42dce1192077f9e11573f00baed6a748de/duckdb-1.5.6-cp312-cp312-macosx_11_0_arm64.whl", hash = "sha256:dcccce20965e6986cd083fdf192c461685ad0b93cd1ccd0b2a8207f1185f078b", size = 15532943, upload-time = "2026-09-28T13:37:52.927Z" },
    { url = "https://files.pythonhosted.org/packages/53/04/f65ccfaa5a833f2e570c4a140f03c8f95da416da9fe8ed08401f81f8242a/duckdb-1.5.6-cp312-cp312-manylinux_2_26_aarch64.manylinux_2_28_aarch64.whl", hash = "sha256:ce89a1025a5317ebe9c520876c48032b5247ac574865486648b1a004f6009875", size = 19454940, upload-time = "2026-09-28T13:37:55.732Z" },
    { url = "https://files.pythonhosted.org/packages/4c/99/be75c788a492f8d77b7a1cdc1b19939ae7be0007f2028691ad371a1a33ee/duckdb-1.5.6-cp312-cp312-manylinux_2_26_x86_64.manylinux_2_28_x86_64.whl", hash = "sha256:bc9619ed7d4ffa117b5155d84b44794366bb6635178d78ed5e13a6024845c757", size = 21568087, upload-time = "2026-09-28T13:37:58.191Z" },
    { url = "https://files.pythonhosted.org/packages/b5/95/889f8508960e47c0a7c75cc5bf57cde8512fc24f8db7b3129cca5388da42/duckdb-1.5.6-cp312-cp312-win_amd64.whl", hash = "sha256:09ff51b230219f0d8b47fc8a1e17fb595ba9fab0c3d96a6de4d00b8ff86b3cf1", size = 13190189, upload-time = "2026-09-28T13:38:00.407Z" },
    { url = "https://files.pythonhosted.org/packages/a4/c9/baab503364a68309f8368c88e77f5341e7d94927bdf3e6d703f0e5035f3e/duckdb-1.5.6-cp312-cp312-win_arm64.whl", hash = "sha256:b8d795c8b2d5634b3269f974aa97f1fdf878f62f032317a52252a151b693fb1e", size = 14021977, upload-time = "2026-09-28T13:38:02.682Z" },
]

[[package]]
name = "duckflight-clickbench"
version = "0.1.0"
source = { virtual = "." }
dependencies = [
    { name = "adbc-driver-flightsql" },
    { name = "adbc-driver-manager" },
    { name = "duckdb" },
    { name = "pyarrow" },
]

[package.metadata]
requires-dist = [
    { name = "adbc-driver-flightsql", specifier = "==1.12.0" },
    { name = "adbc-driver-manager", specifier = "==1.12.0" },
    { name = "duckdb", specifier = "==1.5.6" },
    { name = "pyarrow", specifier = "==25.0.1" },
]

[[package]]
name = "importlib-resources"
version = "7.1.0"
source = { registry = "https://pypi.org/simple" }
sdist = { url = "https://files.pythonhosted.org/packages/e4/06/b56dfa750b44e86157093bc8fca0ab81dccbf5260510de4eaf1cb69b5b99/importlib_resources-7.1.0.tar.gz", hash = "sha256:0722d4c6212489c530f2a145a34c0a7a3b4721bc96a15fada5930e2a0b760708", size = 44985, upload-time = "2026-04-12T16:36:09.232Z" }
wheels = [
    { url = "https://files.pythonhosted.org/packages/8a/db/55a262f3606bebcae07cc14095338471ad7c0bbcaa37707e6f0ee49725b7/importlib_resources-7.1.0-py3-none-any.whl", hash = "sha256:1bd7b48b4088eddb2cd16382150bb515af0bd2c70128194392725f82ad2c96a1", size = 37232, upload-time = "2026-04-12T16:36:08.219Z" },
]

[[package]]
name = "pyarrow"
version = "25.0.1"
source = { registry = "https://pypi.org/simple" }
sdist = { url = "https://files.pythonhosted.org/packages/3d/e3/27f57f80141379d60defe6703eb50a707325706f07fedfd1312c7a751995/pyarrow-25.0.1.tar.gz", hash = "sha256:9150a83248bfed9813ea3c3af74c3856c1984d444aa28e58bf7733b9750ddf6a", size = 1201653, upload-time = "2026-08-10T12:40:53.904Z" }
wheels = [
    { url = "https://files.pythonhosted.org/packages/a6/e2/9ab15b88cbfac28e16419ce5439ec29234c5172cb8259301b4ba639bdec0/pyarrow-25.0.1-cp312-cp312-macosx_12_0_arm64.whl", hash = "sha256:df961f2e7ae9cf496459259d798652c70625f6c080650d6952f8c04053c58ee9", size = 35861559, upload-time = "2026-08-10T12:38:02.567Z" },
    { url = "https://files.pythonhosted.org/packages/58/79/a0036dbe1eabe1f73127427342f1d99982584c4a2cde2651d6c93499c6f6/pyarrow-25.0.1-cp312-cp312-macosx_12_0_x86_64.whl", hash = "sha256:cc4aa407fde9fc660be3939e49ea31f50f3e9fec17c0ec63159f7711edd3efc9", size = 37628383, upload-time = "2026-08-10T12:38:09.083Z" },
    { url = "https://files.pythonhosted.org/packages/13/49/d93a57d375f4bf0cf82913dd6bb54acafde83dd993be2282c81ac5616cad/pyarrow-25.0.1-cp312-cp312-manylinux_2_28_aarch64.whl", hash = "sha256:4340f0ba6c1d2e13f21658de1d7c662ca2545018568d0030a1e9afca159d87e3", size = 46820190, upload-time = "2026-08-10T12:38:15.458Z" },
    { url = "https://files.pythonhosted.org/packages/60/c9/711ca85d79f1ec98f29a5eae2b051e25b4ecec5de3e3c0e2d5c5dcb15664/pyarrow-25.0.1-cp312-cp312-manylinux_2_28_x86_64.whl", hash = "sha256:5389cdf79447ed1515c9e31620e6e1e2302249564d603f2ad727d4f6d313e4c3", size = 50102437, upload-time = "2026-08-10T12:38:22.487Z" },
    { url = "https://files.pythonhosted.org/packages/80/53/8fb8359ff17cfb6263a1cf3ebf7caec9fe197de118719e84fcb1d0618026/pyarrow-25.0.1-cp312-cp312-musllinux_1_2_aarch64.whl", hash = "sha256:d51592cb7561e87877c506113e7adbf1342ab579e6c21f0ef44b8ba41cb74c80", size = 49942424, upload-time = "2026-08-10T12:38:28.755Z" },
    { url = "https://files.pythonhosted.org/packages/e8/83/4e5ae02a9341571b18a6fca380ac7a58ce6ddae7ab3c060208c0a1e79f02/pyarrow-25.0.1-cp312-cp312-musllinux_1_2_x86_64.whl", hash = "sha256:6109c94d8b9f3b17a041daca16cacb2f651ad8f1ef70a4232c2c0f37a23da2a8", size = 53144206, upload-time = "2026-08-10T12:38:34.862Z" },
    { url = "https://files.pythonhosted.org/packages/65/ee/197cbf47e49f83e6ebeb946a5259a48a638dea27ac774db42fe78022179d/pyarrow-25.0.1-cp312-cp312-win_amd64.whl", hash = "sha256:8858d7bfc22e3f51529aeaa4077225029724623e4595dc9eff8c793935c34140", size = 27953934, upload-time = "2026-08-10T12:38:39.808Z" },
]

[[package]]
name = "typing-extensions"
version = "4.16.0"
source = { registry = "https://pypi.org/simple" }
sdist = { url = "https://files.pythonhosted.org/packages/f6/cc/6253133b5bb138fc3306cebfbda2c520f545d36b5be2c7255cc528bb45d6/typing_extensions-4.16.0.tar.gz", hash = "sha256:dc983d19a509c94dba722ee6abd33940f7c05a89e243c47e907eb4db6f1a43e5", size = 113555, upload-time = "2026-07-02T08:40:05.92Z" }
wheels = [
    { url = "https://files.pythonhosted.org/packages/49/d3/b8441a820a491ddfc024b0b0cf0393375b75ea13866d9c66727e54c2fc80/typing_extensions-4.16.0-py3-none-any.whl", hash = "sha256:481caa481374e813c1b176ada14e97f1f67a4539ce9cfeb3f350d78d6370c2e8", size = 45571, upload-time = "2026-07-02T08:40:04.659Z" },
]
